// !$*UTF8*$!
{
	archiveVersion = 1;
	classes = {
	};
	objectVersion = 55;
	objects = {

/* Begin PBXBuildFile section */
		52A3F5FA292F8080007D6823 /* AppDelegate.swift in Sources */ = {isa = PBXBuildFile; fileRef = 52A3F5F9292F8080007D6823 /* AppDelegate.swift */; };
		52A3F5FC292F8080007D6823 /* SceneDelegate.swift in Sources */ = {isa = PBXBuildFile; fileRef = 52A3F5FB292F8080007D6823 /* SceneDelegate.swift */; };
		52A3F5FE292F8080007D6823 /* TravelLocationViewController.swift in Sources */ = {isa = PBXBuildFile; fileRef = 52A3F5FD292F8080007D6823 /* TravelLocationViewController.swift */; };
		52A3F601292F8080007D6823 /* Main.storyboard in Resources */ = {isa = PBXBuildFile; fileRef = 52A3F5FF292F8080007D6823 /* Main.storyboard */; };
		52A3F603292F8082007D6823 /* Assets.xcassets in Resources */ = {isa = PBXBuildFile; fileRef = 52A3F602292F8082007D6823 /* Assets.xcassets */; };
		52A3F606292F8082007D6823 /* LaunchScreen.storyboard in Resources */ = {isa = PBXBuildFile; fileRef = 52A3F604292F8082007D6823 /* LaunchScreen.storyboard */; };
		52A3F610292F81D1007D6823 /* PhotoAlbumViewController.swift in Sources */ = {isa = PBXBuildFile; fileRef = 52A3F60F292F81D0007D6823 /* PhotoAlbumViewController.swift */; };
		52A3F614292F8A5F007D6823 /* CollectionViewCell.swift in Sources */ = {isa = PBXBuildFile; fileRef = 52A3F613292F8A5F007D6823 /* CollectionViewCell.swift */; };
		52A3F617292F90FC007D6823 /* VirtualTourist.xcdatamodeld in Sources */ = {isa = PBXBuildFile; fileRef = 52A3F615292F90FC007D6823 /* VirtualTourist.xcdatamodeld */; };
		52A3F619292F93B5007D6823 /* DataController.swift in Sources */ = {isa = PBXBuildFile; fileRef = 52A3F618292F93B5007D6823 /* DataController.swift */; };
		52A3F61B292F9672007D6823 /* FlickrDataClient.swift in Sources */ = {isa = PBXBuildFile; fileRef = 52A3F61A292F9672007D6823 /* FlickrDataClient.swift */; };
		52A3F61D292F96DD007D6823 /* FlickrDataResponse.swift in Sources */ = {isa = PBXBuildFile; fileRef = 52A3F61C292F96DD007D6823 /* FlickrDataResponse.swift */; };
		52A3F61F292F97FF007D6823 /* MapCoordinate.swift in Sources */ = {isa = PBXBuildFile; fileRef = 52A3F61E292F97FF007D6823 /* MapCoordinate.swift */; };
		52A3F621292F983C007D6823 /* ZoomImageModel.swift in Sources */ = {isa = PBXBuildFile; fileRef = 52A3F620292F983C007D6823 /* ZoomImageModel.swift */; };
/* End PBXBuildFile section */

/* Begin PBXFileReference section */
		52A3F5F6292F8080007D6823 /* virtualToursitApp.app */ = {isa = PBXFileReference; explicitFileType = wrapper.application; includeInIndex = 0; path = virtualToursitApp.app; sourceTree = BUILT_PRODUCTS_DIR; };
		52A3F5F9292F8080007D6823 /* AppDelegate.swift */ = {isa = PBXFileReference; lastKnownFileType = sourcecode.swift; path = AppDelegate.swift; sourceTree = "<group>"; };
		52A3F5FB292F8080007D6823 /* SceneDelegate.swift */ = {isa = PBXFileReference; lastKnownFileType = sourcecode.swift; path = SceneDelegate.swift; sourceTree = "<group>"; };
		52A3F5FD292F8080007D6823 /* TravelLocationViewController.swift */ = {isa = PBXFileReference; lastKnownFileType = sourcecode.swift; path = TravelLocationViewController.swift; sourceTree = "<group>"; };
		52A3F600292F8080007D6823 /* Base */ = {isa = PBXFileReference; lastKnownFileType = file.storyboard; name = Base; path = Base.lproj/Main.storyboard; sourceTree = "<group>"; };
		52A3F602292F8082007D6823 /* Assets.xcassets */ = {isa = PBXFileReference; lastKnownFileType = folder.assetcatalog; path = Assets.xcassets; sourceTree = "<group>"; };
		52A3F605292F8082007D6823 /* Base */ = {isa = PBXFileReference; lastKnownFileType = file.storyboard; name = Base; path = Base.lproj/LaunchScreen.storyboard; sourceTree = "<group>"; };
		52A3F607292F8082007D6823 /* Info.plist */ = {isa = PBXFileReference; lastKnownFileType = text.plist.xml; path = Info.plist; sourceTree = "<group>"; };
		52A3F60F292F81D0007D6823 /* PhotoAlbumViewController.swift */ = {isa = PBXFileReference; lastKnownFileType = sourcecode.swift; path = PhotoAlbumViewController.swift; sourceTree = "<group>"; };
		52A3F613292F8A5F007D6823 /* CollectionViewCell.swift */ = {isa = PBXFileReference; lastKnownFileType = sourcecode.swift; path = CollectionViewCell.swift; sourceTree = "<group>"; };
		52A3F616292F90FC007D6823 /* VirtualTourist.xcdatamodel */ = {isa = PBXFileReference; lastKnownFileType = wrapper.xcdatamodel; path = VirtualTourist.xcdatamodel; sourceTree = "<group>"; };
		52A3F618292F93B5007D6823 /* DataController.swift */ = {isa = PBXFileReference; lastKnownFileType = sourcecode.swift; path = DataController.swift; sourceTree = "<group>"; };
		52A3F61A292F9672007D6823 /* FlickrDataClient.swift */ = {isa = PBXFileReference; lastKnownFileType = sourcecode.swift; path = FlickrDataClient.swift; sourceTree = "<group>"; };
		52A3F61C292F96DD007D6823 /* FlickrDataResponse.swift */ = {isa = PBXFileReference; lastKnownFileType = sourcecode.swift; path = FlickrDataResponse.swift; sourceTree = "<group>"; };
		52A3F61E292F97FF007D6823 /* MapCoordinate.swift */ = {isa = PBXFileReference; lastKnownFileType = sourcecode.swift; path = MapCoordinate.swift; sourceTree = "<group>"; };
		52A3F620292F983C007D6823 /* ZoomImageModel.swift */ = {isa = PBXFileReference; lastKnownFileType = sourcecode.swift; path = ZoomImageModel.swift; sourceTree = "<group>"; };
/* End PBXFileReference section */

/* Begin PBXFrameworksBuildPhase section */
		52A3F5F3292F8080007D6823 /* Frameworks */ = {
			isa = PBXFrameworksBuildPhase;
			buildActionMask = 2147483647;
			files = (
			);
			runOnlyForDeploymentPostprocessing = 0;
		};
/* End PBXFrameworksBuildPhase section */

/* Begin PBXGroup section */
		52A3F5ED292F8080007D6823 = {
			isa = PBXGroup;
			children = (
				52A3F5F8292F8080007D6823 /* virtualToursitApp */,
				52A3F5F7292F8080007D6823 /* Products */,
			);
			sourceTree = "<group>";
		};
		52A3F5F7292F8080007D6823 /* Products */ = {
			isa = PBXGroup;
			children = (
				52A3F5F6292F8080007D6823 /* virtualToursitApp.app */,
			);
			name = Products;
			sourceTree = "<group>";
		};
		52A3F5F8292F8080007D6823 /* virtualToursitApp */ = {
			isa = PBXGroup;
			children = (
				52A3F60E292F812A007D6823 /* Model */,
				52A3F60D292F811B007D6823 /* Controllers */,
				52A3F5F9292F8080007D6823 /* AppDelegate.swift */,
				52A3F5FB292F8080007D6823 /* SceneDelegate.swift */,
				52A3F5FF292F8080007D6823 /* Main.storyboard */,
				52A3F602292F8082007D6823 /* Assets.xcassets */,
				52A3F604292F8082007D6823 /* LaunchScreen.storyboard */,
				52A3F607292F8082007D6823 /* Info.plist */,
			);
			path = virtualToursitApp;
			sourceTree = "<group>";
		};
		52A3F60D292F811B007D6823 /* Controllers */ = {
			isa = PBXGroup;
			children = (
				52A3F5FD292F8080007D6823 /* TravelLocationViewController.swift */,
				52A3F60F292F81D0007D6823 /* PhotoAlbumViewController.swift */,
				52A3F613292F8A5F007D6823 /* CollectionViewCell.swift */,
			);
			path = Controllers;
			sourceTree = "<group>";
		};
		52A3F60E292F812A007D6823 /* Model */ = {
			isa = PBXGroup;
			children = (
				52A3F615292F90FC007D6823 /* VirtualTourist.xcdatamodeld */,
				52A3F618292F93B5007D6823 /* DataController.swift */,
				52A3F61A292F9672007D6823 /* FlickrDataClient.swift */,
				52A3F61C292F96DD007D6823 /* FlickrDataResponse.swift */,
				52A3F61E292F97FF007D6823 /* MapCoordinate.swift */,
				52A3F620292F983C007D6823 /* ZoomImageModel.swift */,
			);
			path = Model;
			sourceTree = "<group>";
		};
/* End PBXGroup section */

/* Begin PBXNativeTarget section */
		52A3F5F5292F8080007D6823 /* virtualToursitApp */ = {
			isa = PBXNativeTarget;
			buildConfigurationList = 52A3F60A292F8082007D6823 /* Build configuration list for PBXNativeTarget "virtualToursitApp" */;
			buildPhases = (
				52A3F5F2292F8080007D6823 /* Sources */,
				52A3F5F3292F8080007D6823 /* Frameworks */,
				52A3F5F4292F8080007D6823 /* Resources */,
			);
			buildRules = (
			);
			dependencies = (
			);
			name = virtualToursitApp;
			productName = virtualToursitApp;
			productReference = 52A3F5F6292F8080007D6823 /* virtualToursitApp.app */;
			productType = "com.apple.product-type.application";
		};
/* End PBXNativeTarget section */

/* Begin PBXProject section */
		52A3F5EE292F8080007D6823 /* Project object */ = {
			isa = PBXProject;
			attributes = {
				BuildIndependentTargetsInParallel = 1;
				LastSwiftUpdateCheck = 1300;
				LastUpgradeCheck = 1300;
				TargetAttributes = {
					52A3F5F5292F8080007D6823 = {
						CreatedOnToolsVersion = 13.0;
					};
				};
			};
			buildConfigurationList = 52A3F5F1292F8080007D6823 /* Build configuration list for PBXProject "virtualToursitApp" */;
			compatibilityVersion = "Xcode 13.0";
			developmentRegion = en;
			hasScannedForEncodings = 0;
			knownRegions = (
				en,
				Base,
			);
			mainGroup = 52A3F5ED292F8080007D6823;
			productRefGroup = 52A3F5F7292F8080007D6823 /* Products */;
			projectDirPath = "";
			projectRoot = "";
			targets = (
				52A3F5F5292F8080007D6823 /* virtualToursitApp */,
			);
		};
/* End PBXProject section */

/* Begin PBXResourcesBuildPhase section */
		52A3F5F4292F8080007D6823 /* Resources */ = {
			isa = PBXResourcesBuildPhase;
			buildActionMask = 2147483647;
			files = (
				52A3F606292F8082007D6823 /* LaunchScreen.storyboard in Resources */,
				52A3F603292F8082007D6823 /* Assets.xcassets in Resources */,
				52A3F601292F8080007D6823 /* Main.storyboard in Resources */,
			);
			runOnlyForDeploymentPostprocessing = 0;
		};
/* End PBXResourcesBuildPhase section */

/* Begin PBXSourcesBuildPhase section */
		52A3F5F2292F8080007D6823 /* Sources */ = {
			isa = PBXSourcesBuildPhase;
			buildActionMask = 2147483647;
			files = (
				52A3F619292F93B5007D6823 /* DataController.swift in Sources */,
				52A3F61D292F96DD007D6823 /* FlickrDataResponse.swift in Sources */,
				52A3F61F292F97FF007D6823 /* MapCoordinate.swift in Sources */,
				52A3F614292F8A5F007D6823 /* CollectionViewCell.swift in Sources */,
				52A3F5FE292F8080007D6823 /* TravelLocationViewController.swift in Sources */,
				52A3F617292F90FC007D6823 /* VirtualTourist.xcdatamodeld in Sources */,
				52A3F5FA292F8080007D6823 /* AppDelegate.swift in Sources */,
				52A3F61B292F9672007D6823 /* FlickrDataClient.swift in Sources */,
				52A3F621292F983C007D6823 /* ZoomImageModel.swift in Sources */,
				52A3F5FC292F8080007D6823 /* SceneDelegate.swift in Sources */,
				52A3F610292F81D1007D6823 /* PhotoAlbumViewController.swift in Sources */,
			);
			runOnlyForDeploymentPostprocessing = 0;
		};
/* End PBXSourcesBuildPhase section */

/* Begin PBXVariantGroup section */
		52A3F5FF292F8080007D6823 /* Main.storyboard */ = {
			isa = PBXVariantGroup;
			children = (
				52A3F600292F8080007D6823 /* Base */,
			);
			name = Main.storyboard;
			sourceTree = "<group>";
		};
		52A3F604292F8082007D6823 /* LaunchScreen.storyboard */ = {
			isa = PBXVariantGroup;
			children = (
				52A3F605292F8082007D6823 /* Base */,
			);
			name = LaunchScreen.storyboard;
			sourceTree = "<group>";
		};
/* End PBXVariantGroup section */

/* Begin XCBuildConfiguration section */
		52A3F608292F8082007D6823 /* Debug */ = {
			isa = XCBuildConfiguration;
			buildSettings = {
				ALWAYS_SEARCH_USER_PATHS = NO;
				CLANG_ANALYZER_NONNULL = YES;
				CLANG_ANALYZER_NUMBER_OBJECT_CONVERSION = YES_AGGRESSIVE;
				CLANG_CXX_LANGUAGE_STANDARD = "gnu++17";
				CLANG_CXX_LIBRARY = "libc++";
				CLANG_ENABLE_MODULES = YES;
				CLANG_ENABLE_OBJC_ARC = YES;
				CLANG_ENABLE_OBJC_WEAK = YES;
				CLANG_WARN_BLOCK_CAPTURE_AUTORELEASING = YES;
				CLANG_WARN_BOOL_CONVERSION = YES;
				CLANG_WARN_COMMA = YES;
				CLANG_WARN_CONSTANT_CONVERSION = YES;
				CLANG_WARN_DEPRECATED_OBJC_IMPLEMENTATIONS = YES;
				CLANG_WARN_DIRECT_OBJC_ISA_USAGE = YES_ERROR;
				CLANG_WARN_DOCUMENTATION_COMMENTS = YES;
				CLANG_WARN_EMPTY_BODY = YES;
				CLANG_WARN_ENUM_CONVERSION = YES;
				CLANG_WARN_INFINITE_RECURSION = YES;
				CLANG_WARN_INT_CONVERSION = YES;
				CLANG_WARN_NON_LITERAL_NULL_CONVERSION = YES;
				CLANG_WARN_OBJC_IMPLICIT_RETAIN_SELF = YES;
				CLANG_WARN_OBJC_LITERAL_CONVERSION = YES;
				CLANG_WARN_OBJC_ROOT_CLASS = YES_ERROR;
				CLANG_WARN_QUOTED_INCLUDE_IN_FRAMEWORK_HEADER = YES;
				CLANG_WARN_RANGE_LOOP_ANALYSIS = YES;
				CLANG_WARN_STRICT_PROTOTYPES = YES;
				CLANG_WARN_SUSPICIOUS_MOVE = YES;
				CLANG_WARN_UNGUARDED_AVAILABILITY = YES_AGGRESSIVE;
				CLANG_WARN_UNREACHABLE_CODE = YES;
				CLANG_WARN__DUPLICATE_METHOD_MATCH = YES;
				COPY_PHASE_STRIP = NO;
				DEBUG_INFORMATION_FORMAT = dwarf;
				ENABLE_STRICT_OBJC_MSGSEND = YES;
				ENABLE_TESTABILITY = YES;
				GCC_C_LANGUAGE_STANDARD = gnu11;
				GCC_DYNAMIC_NO_PIC = NO;
				GCC_NO_COMMON_BLOCKS = YES;
				GCC_OPTIMIZATION_LEVEL = 0;
				GCC_PREPROCESSOR_DEFINITIONS = (
					"DEBUG=1",
					"$(inherited)",
				);
				GCC_WARN_64_TO_32_BIT_CONVERSION = YES;
				GCC_WARN_ABOUT_RETURN_TYPE = YES_ERROR;
				GCC_WARN_UNDECLARED_SELECTOR = YES;
				GCC_WARN_UNINITIALIZED_AUTOS = YES_AGGRESSIVE;
				GCC_WARN_UNUSED_FUNCTION = YES;
				GCC_WARN_UNUSED_VARIABLE = YES;
				IPHONEOS_DEPLOYMENT_TARGET = 15.0;
				MTL_ENABLE_DEBUG_INFO = INCLUDE_SOURCE;
				MTL_FAST_MATH = YES;
				ONLY_ACTIVE_ARCH = YES;
				SDKROOT = iphoneos;
				SWIFT_ACTIVE_COMPILATION_CONDITIONS = DEBUG;
				SWIFT_OPTIMIZATION_LEVEL = "-Onone";
			};
			name = Debug;
		};
		52A3F609292F8082007D6823 /* Release */ = {
			isa = XCBuildConfiguration;
			buildSettings = {
				ALWAYS_SEARCH_USER_PATHS = NO;
				CLANG_ANALYZER_NONNULL = YES;
				CLANG_ANALYZER_NUMBER_OBJECT_CONVERSION = YES_AGGRESSIVE;
				CLANG_CXX_LANGUAGE_STANDARD = "gnu++17";
				CLANG_CXX_LIBRARY = "libc++";
				CLANG_ENABLE_MODULES = YES;
				CLANG_ENABLE_OBJC_ARC = YES;
				CLANG_ENABLE_OBJC_WEAK = YES;
				CLANG_WARN_BLOCK_CAPTURE_AUTORELEASING = YES;
				CLANG_WARN_BOOL_CONVERSION = YES;
				CLANG_WARN_COMMA = YES;
				CLANG_WARN_CONSTANT_CONVERSION = YES;
				CLANG_WARN_DEPRECATED_OBJC_IMPLEMENTATIONS = YES;
				CLANG_WARN_DIRECT_OBJC_ISA_USAGE = YES_ERROR;
				CLANG_WARN_DOCUMENTATION_COMMENTS = YES;
				CLANG_WARN_EMPTY_BODY = YES;
				CLANG_WARN_ENUM_CONVERSION = YES;
				CLANG_WARN_INFINITE_RECURSION = YES;
				CLANG_WARN_INT_CONVERSION = YES;
				CLANG_WARN_NON_LITERAL_NULL_CONVERSION = YES;
				CLANG_WARN_OBJC_IMPLICIT_RETAIN_SELF = YES;
				CLANG_WARN_OBJC_LITERAL_CONVERSION = YES;
				CLANG_WARN_OBJC_ROOT_CLASS = YES_ERROR;
				CLANG_WARN_QUOTED_INCLUDE_IN_FRAMEWORK_HEADER = YES;
				CLANG_WARN_RANGE_LOOP_ANALYSIS = YES;
				CLANG_WARN_STRICT_PROTOTYPES = YES;
				CLANG_WARN_SUSPICIOUS_MOVE = YES;
				CLANG_WARN_UNGUARDED_AVAILABILITY = YES_AGGRESSIVE;
				CLANG_WARN_UNREACHABLE_CODE = YES;
				CLANG_WARN__DUPLICATE_METHOD_MATCH = YES;
				COPY_PHASE_STRIP = NO;
				DEBUG_INFORMATION_FORMAT = "dwarf-with-dsym";
				ENABLE_NS_ASSERTIONS = NO;
				ENABLE_STRICT_OBJC_MSGSEND = YES;
				GCC_C_LANGUAGE_STANDARD = gnu11;
				GCC_NO_COMMON_BLOCKS = YES;
				GCC_WARN_64_TO_32_BIT_CONVERSION = YES;
				GCC_WARN_ABOUT_RETURN_TYPE = YES_ERROR;
				GCC_WARN_UNDECLARED_SELECTOR = YES;
				GCC_WARN_UNINITIALIZED_AUTOS = YES_AGGRESSIVE;
				GCC_WARN_UNUSED_FUNCTION = YES;
				GCC_WARN_UNUSED_VARIABLE = YES;
				IPHONEOS_DEPLOYMENT_TARGET = 15.0;
				MTL_ENABLE_DEBUG_INFO = NO;
				MTL_FAST_MATH = YES;
				SDKROOT = iphoneos;
				SWIFT_COMPILATION_MODE = wholemodule;
				SWIFT_OPTIMIZATION_LEVEL = "-O";
				VALIDATE_PRODUCT = YES;
			};
			name = Release;
		};
		52A3F60B292F8082007D6823 /* Debug */ = {
			isa = XCBuildConfiguration;
			buildSettings = {
				ASSETCATALOG_COMPILER_APPICON_NAME = AppIcon;
				ASSETCATALOG_COMPILER_GLOBAL_ACCENT_COLOR_NAME = AccentColor;
				CODE_SIGN_STYLE = Automatic;
				CURRENT_PROJECT_VERSION = 1;
				DEVELOPMENT_TEAM = NAVT84VLPJ;
				GENERATE_INFOPLIST_FILE = YES;
				INFOPLIST_FILE = virtualToursitApp/Info.plist;
				INFOPLIST_KEY_UIApplicationSupportsIndirectInputEvents = YES;
				INFOPLIST_KEY_UILaunchStoryboardName = LaunchScreen;
				INFOPLIST_KEY_UIMainStoryboardFile = Main;
				INFOPLIST_KEY_UISupportedInterfaceOrientations_iPad = "UIInterfaceOrientationPortrait UIInterfaceOrientationPortraitUpsideDown UIInterfaceOrientationLandscapeLeft UIInterfaceOrientationLandscapeRight";
				INFOPLIST_KEY_UISupportedInterfaceOrientations_iPhone = "UIInterfaceOrientationPortrait UIInterfaceOrientationLandscapeLeft UIInterfaceOrientationLandscapeRight";
				LD_RUNPATH_SEARCH_PATHS = (
					"$(inherited)",
					"@executable_path/Frameworks",
				);
				MARKETING_VERSION = 1.0;
				PRODUCT_BUNDLE_IDENTIFIER = Udacity.virtualToursitApp;
				PRODUCT_NAME = "$(TARGET_NAME)";
				SWIFT_EMIT_LOC_STRINGS = YES;
				SWIFT_VERSION = 5.0;
				TARGETED_DEVICE_FAMILY = "1,2";
			};
			name = Debug;
		};
		52A3F60C292F8082007D6823 /* Release */ = {
			isa = XCBuildConfiguration;
			buildSettings = {
				ASSETCATALOG_COMPILER_APPICON_NAME = AppIcon;
				ASSETCATALOG_COMPILER_GLOBAL_ACCENT_COLOR_NAME = AccentColor;
				CODE_SIGN_STYLE = Automatic;
				CURRENT_PROJECT_VERSION = 1;
				DEVELOPMENT_TEAM = NAVT84VLPJ;
				GENERATE_INFOPLIST_FILE = YES;
				INFOPLIST_FILE = virtualToursitApp/Info.plist;
				INFOPLIST_KEY_UIApplicationSupportsIndirectInputEvents = YES;
				INFOPLIST_KEY_UILaunchStoryboardName = LaunchScreen;
				INFOPLIST_KEY_UIMainStoryboardFile = Main;
				INFOPLIST_KEY_UISupportedInterfaceOrientations_iPad = "UIInterfaceOrientationPortrait UIInterfaceOrientationPortraitUpsideDown UIInterfaceOrientationLandscapeLeft UIInterfaceOrientationLandscapeRight";
				INFOPLIST_KEY_UISupportedInterfaceOrientations_iPhone = "UIInterfaceOrientationPortrait UIInterfaceOrientationLandscapeLeft UIInterfaceOrientationLandscapeRight";
				LD_RUNPATH_SEARCH_PATHS = (
					"$(inherited)",
					"@executable_path/Frameworks",
				);
				MARKETING_VERSION = 1.0;
				PRODUCT_BUNDLE_IDENTIFIER = Udacity.virtualToursitApp;
				PRODUCT_NAME = "$(TARGET_NAME)";
				SWIFT_EMIT_LOC_STRINGS = YES;
				SWIFT_VERSION = 5.0;
				TARGETED_DEVICE_FAMILY = "1,2";
			};
			name = Release;
		};
/* End XCBuildConfiguration section */

/* Begin XCConfigurationList section */
		52A3F5F1292F8080007D6823 /* Build configuration list for PBXProject "virtualToursitApp" */ = {
			isa = XCConfigurationList;
			buildConfigurations = (
				52A3F608292F8082007D6823 /* Debug */,
				52A3F609292F8082007D6823 /* Release */,
			);
			defaultConfigurationIsVisible = 0;
			defaultConfigurationName = Release;
		};
		52A3F60A292F8082007D6823 /* Build configuration list for PBXNativeTarget "virtualToursitApp" */ = {
			isa = XCConfigurationList;
			buildConfigurations = (
				52A3F60B292F8082007D6823 /* Debug */,
				52A3F60C292F8082007D6823 /* Release */,
			);
			defaultConfigurationIsVisible = 0;
			defaultConfigurationName = Release;
		};
/* End XCConfigurationList section */

/* Begin XCVersionGroup section */
		52A3F615292F90FC007D6823 /* VirtualTourist.xcdatamodeld */ = {
			isa = XCVersionGroup;
			children = (
				52A3F616292F90FC007D6823 /* VirtualTourist.xcdatamodel */,
			);
			currentVersion = 52A3F616292F90FC007D6823 /* VirtualTourist.xcdatamodel */;
			path = VirtualTourist.xcdatamodeld;
			sourceTree = "<group>";
			versionGroupType = wrapper.xcdatamodel;
		};
/* End XCVersionGroup section */
	};
	rootObject = 52A3F5EE292F8080007D6823 /* Project object */;
}
